
Microsoft Visual Studio Solution File, Format Version 12.00
# Visual Studio Version 17
VisualStudioVersion = 17.9.34622.214
MinimumVisualStudioVersion = 10.0.40219.1
Project("{FAE04EC0-301F-11D3-BF4B-00C04F79EFBC}") = "EX01.ConsoleApp", "EX01.ConsoleApp.csproj", "{A8828355-166D-4E27-AE55-2061C5166AAC}"
EndProject
Project("{FAE04EC0-301F-11D3-BF4B-00C04F79EFBC}") = "EX03.ConsoleApp", "..\EX03.ConsoleApp\EX03.ConsoleApp.csproj", "{E5CDBD26-563A-4BA2-90D6-2D1FE458884C}"
EndProject
Project("{FAE04EC0-301F-11D3-BF4B-00C04F79EFBC}") = "EX02.ConsoleApp", "..\EX02.ConsoleApp\EX02.ConsoleApp.csproj", "{C7A5F19F-4745-4BF8-A988-AD86C7FBA46A}"
EndProject
Project("{FAE04EC0-301F-11D3-BF4B-00C04F79EFBC}") = "EX04.ConsoleApp", "..\EX04.ConsoleApp\EX04.ConsoleApp.csproj", "{6A08E848-8E62-497D-B2F9-04F7F0DC629E}"
EndProject
Project("{FAE04EC0-301F-11D3-BF4B-00C04F79EFBC}") = "EX05.ConsoleApp", "..\EX05.ConsoleApp\EX05.ConsoleApp.csproj", "{4B2F1B39-C92D-40EA-8C93-B55CCDD36DDE}"
EndProject
Project("{FAE04EC0-301F-11D3-BF4B-00C04F79EFBC}") = "EX06.ConsoleApp", "..\EX06.ConsoleApp\EX06.ConsoleApp.csproj", "{0448BA6C-E837-4F43-AF2B-A13DBB60B824}"
EndProject
Project("{FAE04EC0-301F-11D3-BF4B-00C04F79EFBC}") = "EX07.ConsoleApp", "..\EX07.ConsoleApp\EX07.ConsoleApp.csproj", "{E5D08FF4-E105-4BA3-BA28-DC6C292BA631}"
EndProject
Project("{FAE04EC0-301F-11D3-BF4B-00C04F79EFBC}") = "EX08.ConsoleApp", "..\EX08.ConsoleApp\EX08.ConsoleApp.csproj", "{D314B578-2A03-4701-A87A-A28BD252610B}"
EndProject
Project("{FAE04EC0-301F-11D3-BF4B-00C04F79EFBC}") = "EX09.ConsoleApp", "..\EX09.ConsoleApp\EX09.ConsoleApp.csproj", "{776C4DB5-DBD8-4EC2-BE55-D1AECC9F5CCC}"
EndProject
Project("{FAE04EC0-301F-11D3-BF4B-00C04F79EFBC}") = "EX10.ConsoleApp", "..\EX10.ConsoleApp\EX10.ConsoleApp.csproj", "{3164BDF3-ED83-448D-B16A-AB21F53843CA}"
EndProject
Project("{FAE04EC0-301F-11D3-BF4B-00C04F79EFBC}") = "EX12.ConsoleApp", "..\EX12.ConsoleApp\EX12.ConsoleApp.csproj", "{4679CE7A-FCE1-417F-9DB3-AC4C64E9E04C}"
EndProject
Project("{FAE04EC0-301F-11D3-BF4B-00C04F79EFBC}") = "EX13.ConsoleApp", "..\EX13.ConsoleApp\EX13.ConsoleApp.csproj", "{C54A24A5-A7A5-46BE-BA19-0303CD718CA3}"
EndProject
Project("{FAE04EC0-301F-11D3-BF4B-00C04F79EFBC}") = "EX14.ConsoleApp", "..\EX14.ConsoleApp\EX14.ConsoleApp.csproj", "{19994904-7B84-4A7E-BB9A-CD31CDA4E8A4}"
EndProject
Project("{FAE04EC0-301F-11D3-BF4B-00C04F79EFBC}") = "EX15.ConsoleApp", "..\EX15.ConsoleApp\EX15.ConsoleApp.csproj", "{6535EEAC-955A-4950-881F-452994B278DD}"
EndProject
Project("{FAE04EC0-301F-11D3-BF4B-00C04F79EFBC}") = "EX16.ConsoleApp", "..\EX16.ConsoleApp\EX16.ConsoleApp.csproj", "{451073B3-BB2C-4441-AD1F-E58C9FBE40E0}"
EndProject
Project("{FAE04EC0-301F-11D3-BF4B-00C04F79EFBC}") = "EX17.ConsoleApp", "..\EX17.ConsoleApp\EX17.ConsoleApp.csproj", "{C10F85DB-A4FC-4984-BDCB-2B9D872CE438}"
EndProject
Project("{FAE04EC0-301F-11D3-BF4B-00C04F79EFBC}") = "EX18.ConsoleApp", "..\EX18.ConsoleApp\EX18.ConsoleApp.csproj", "{572A363F-DA88-46C9-80E5-8F9CC1815A0F}"
EndProject
Project("{FAE04EC0-301F-11D3-BF4B-00C04F79EFBC}") = "EX19.ConsoleApp", "..\EX19.ConsoleApp\EX19.ConsoleApp.csproj", "{083DA984-6556-4F68-BE1C-BAA3A22679FC}"
EndProject
Project("{FAE04EC0-301F-11D3-BF4B-00C04F79EFBC}") = "EX20.ConsoleApp", "..\EX20.ConsoleApp\EX20.ConsoleApp.csproj", "{9FC55181-3FC0-4BF5-A3BE-2BC265BAA55F}"
EndProject
Project("{FAE04EC0-301F-11D3-BF4B-00C04F79EFBC}") = "EX21.ConsoleApp", "..\EX21.ConsoleApp\EX21.ConsoleApp.csproj", "{87A323BC-7ECF-4129-91E2-3357A5B44537}"
EndProject
Project("{FAE04EC0-301F-11D3-BF4B-00C04F79EFBC}") = "EX22.ConsoleApp", "..\EX22.ConsoleApp\EX22.ConsoleApp.csproj", "{E90BD3E3-8C3E-4AB2-9064-84057B71386A}"
EndProject
Project("{FAE04EC0-301F-11D3-BF4B-00C04F79EFBC}") = "EX23.ConsoleApp", "..\EX23.ConsoleApp\EX23.ConsoleApp.csproj", "{60840863-B22E-4652-91A3-209722B8D234}"
EndProject
Project("{FAE04EC0-301F-11D3-BF4B-00C04F79EFBC}") = "EX24.ConsoleApp", "..\EX24.ConsoleApp\EX24.ConsoleApp.csproj", "{0525A54C-8E66-4731-AC06-D0AC97AA1012}"
EndProject
Project("{FAE04EC0-301F-11D3-BF4B-00C04F79EFBC}") = "EX25.ConsoleApp", "..\EX25.ConsoleApp\EX25.ConsoleApp.csproj", "{F0770388-2D43-4ACD-B245-60CC26DFF9EE}"
EndProject
Project("{FAE04EC0-301F-11D3-BF4B-00C04F79EFBC}") = "EX26.ConsoleApp", "..\EX26.ConsoleApp\EX26.ConsoleApp.csproj", "{B0C77D6E-8914-4538-AF81-9AC31270D64E}"
EndProject
Project("{FAE04EC0-301F-11D3-BF4B-00C04F79EFBC}") = "EX27.ConsoleApp", "..\EX27.ConsoleApp\EX27.ConsoleApp.csproj", "{4B3B1B60-3E47-4F4A-A00D-B58B277499F1}"
EndProject
Project("{FAE04EC0-301F-11D3-BF4B-00C04F79EFBC}") = "EX28.ConsoleApp", "..\EX28.ConsoleApp\EX28.ConsoleApp.csproj", "{172E89DA-4CC5-4814-B6EC-47F65EE41D28}"
EndProject
Global
	GlobalSection(SolutionConfigurationPlatforms) = preSolution
		Debug|Any CPU = Debug|Any CPU
		Release|Any CPU = Release|Any CPU
	EndGlobalSection
	GlobalSection(ProjectConfigurationPlatforms) = postSolution
		{A8828355-166D-4E27-AE55-2061C5166AAC}.Debug|Any CPU.ActiveCfg = Debug|Any CPU
		{A8828355-166D-4E27-AE55-2061C5166AAC}.Debug|Any CPU.Build.0 = Debug|Any CPU
		{A8828355-166D-4E27-AE55-2061C5166AAC}.Release|Any CPU.ActiveCfg = Release|Any CPU
		{A8828355-166D-4E27-AE55-2061C5166AAC}.Release|Any CPU.Build.0 = Release|Any CPU
		{E5CDBD26-563A-4BA2-90D6-2D1FE458884C}.Debug|Any CPU.ActiveCfg = Debug|Any CPU
		{E5CDBD26-563A-4BA2-90D6-2D1FE458884C}.Debug|Any CPU.Build.0 = Debug|Any CPU
		{E5CDBD26-563A-4BA2-90D6-2D1FE458884C}.Release|Any CPU.ActiveCfg = Release|Any CPU
		{E5CDBD26-563A-4BA2-90D6-2D1FE458884C}.Release|Any CPU.Build.0 = Release|Any CPU
		{C7A5F19F-4745-4BF8-A988-AD86C7FBA46A}.Debug|Any CPU.ActiveCfg = Debug|Any CPU
		{C7A5F19F-4745-4BF8-A988-AD86C7FBA46A}.Debug|Any CPU.Build.0 = Debug|Any CPU
		{C7A5F19F-4745-4BF8-A988-AD86C7FBA46A}.Release|Any CPU.ActiveCfg = Release|Any CPU
		{C7A5F19F-4745-4BF8-A988-AD86C7FBA46A}.Release|Any CPU.Build.0 = Release|Any CPU
		{6A08E848-8E62-497D-B2F9-04F7F0DC629E}.Debug|Any CPU.ActiveCfg = Debug|Any CPU
		{6A08E848-8E62-497D-B2F9-04F7F0DC629E}.Debug|Any CPU.Build.0 = Debug|Any CPU
		{6A08E848-8E62-497D-B2F9-04F7F0DC629E}.Release|Any CPU.ActiveCfg = Release|Any CPU
		{6A08E848-8E62-497D-B2F9-04F7F0DC629E}.Release|Any CPU.Build.0 = Release|Any CPU
		{4B2F1B39-C92D-40EA-8C93-B55CCDD36DDE}.Debug|Any CPU.ActiveCfg = Debug|Any CPU
		{4B2F1B39-C92D-40EA-8C93-B55CCDD36DDE}.Debug|Any CPU.Build.0 = Debug|Any CPU
		{4B2F1B39-C92D-40EA-8C93-B55CCDD36DDE}.Release|Any CPU.ActiveCfg = Release|Any CPU
		{4B2F1B39-C92D-40EA-8C93-B55CCDD36DDE}.Release|Any CPU.Build.0 = Release|Any CPU
		{0448BA6C-E837-4F43-AF2B-A13DBB60B824}.Debug|Any CPU.ActiveCfg = Debug|Any CPU
		{0448BA6C-E837-4F43-AF2B-A13DBB60B824}.Debug|Any CPU.Build.0 = Debug|Any CPU
		{0448BA6C-E837-4F43-AF2B-A13DBB60B824}.Release|Any CPU.ActiveCfg = Release|Any CPU
		{0448BA6C-E837-4F43-AF2B-A13DBB60B824}.Release|Any CPU.Build.0 = Release|Any CPU
		{E5D08FF4-E105-4BA3-BA28-DC6C292BA631}.Debug|Any CPU.ActiveCfg = Debug|Any CPU
		{E5D08FF4-E105-4BA3-BA28-DC6C292BA631}.Debug|Any CPU.Build.0 = Debug|Any CPU
		{E5D08FF4-E105-4BA3-BA28-DC6C292BA631}.Release|Any CPU.ActiveCfg = Release|Any CPU
		{E5D08FF4-E105-4BA3-BA28-DC6C292BA631}.Release|Any CPU.Build.0 = Release|Any CPU
		{D314B578-2A03-4701-A87A-A28BD252610B}.Debug|Any CPU.ActiveCfg = Debug|Any CPU
		{D314B578-2A03-4701-A87A-A28BD252610B}.Debug|Any CPU.Build.0 = Debug|Any CPU
		{D314B578-2A03-4701-A87A-A28BD252610B}.Release|Any CPU.ActiveCfg = Release|Any CPU
		{D314B578-2A03-4701-A87A-A28BD252610B}.Release|Any CPU.Build.0 = Release|Any CPU
		{776C4DB5-DBD8-4EC2-BE55-D1AECC9F5CCC}.Debug|Any CPU.ActiveCfg = Debug|Any CPU
		{776C4DB5-DBD8-4EC2-BE55-D1AECC9F5CCC}.Debug|Any CPU.Build.0 = Debug|Any CPU
		{776C4DB5-DBD8-4EC2-BE55-D1AECC9F5CCC}.Release|Any CPU.ActiveCfg = Release|Any CPU
		{776C4DB5-DBD8-4EC2-BE55-D1AECC9F5CCC}.Release|Any CPU.Build.0 = Release|Any CPU
		{3164BDF3-ED83-448D-B16A-AB21F53843CA}.Debug|Any CPU.ActiveCfg = Debug|Any CPU
		{3164BDF3-ED83-448D-B16A-AB21F53843CA}.Debug|Any CPU.Build.0 = Debug|Any CPU
		{3164BDF3-ED83-448D-B16A-AB21F53843CA}.Release|Any CPU.ActiveCfg = Release|Any CPU
		{3164BDF3-ED83-448D-B16A-AB21F53843CA}.Release|Any CPU.Build.0 = Release|Any CPU
		{4679CE7A-FCE1-417F-9DB3-AC4C64E9E04C}.Debug|Any CPU.ActiveCfg = Debug|Any CPU
		{4679CE7A-FCE1-417F-9DB3-AC4C64E9E04C}.Debug|Any CPU.Build.0 = Debug|Any CPU
		{4679CE7A-FCE1-417F-9DB3-AC4C64E9E04C}.Release|Any CPU.ActiveCfg = Release|Any CPU
		{4679CE7A-FCE1-417F-9DB3-AC4C64E9E04C}.Release|Any CPU.Build.0 = Release|Any CPU
		{C54A24A5-A7A5-46BE-BA19-0303CD718CA3}.Debug|Any CPU.ActiveCfg = Debug|Any CPU
		{C54A24A5-A7A5-46BE-BA19-0303CD718CA3}.Debug|Any CPU.Build.0 = Debug|Any CPU
		{C54A24A5-A7A5-46BE-BA19-0303CD718CA3}.Release|Any CPU.ActiveCfg = Release|Any CPU
		{C54A24A5-A7A5-46BE-BA19-0303CD718CA3}.Release|Any CPU.Build.0 = Release|Any CPU
		{19994904-7B84-4A7E-BB9A-CD31CDA4E8A4}.Debug|Any CPU.ActiveCfg = Debug|Any CPU
		{19994904-7B84-4A7E-BB9A-CD31CDA4E8A4}.Debug|Any CPU.Build.0 = Debug|Any CPU
		{19994904-7B84-4A7E-BB9A-CD31CDA4E8A4}.Release|Any CPU.ActiveCfg = Release|Any CPU
		{19994904-7B84-4A7E-BB9A-CD31CDA4E8A4}.Release|Any CPU.Build.0 = Release|Any CPU
		{6535EEAC-955A-4950-881F-452994B278DD}.Debug|Any CPU.ActiveCfg = Debug|Any CPU
		{6535EEAC-955A-4950-881F-452994B278DD}.Debug|Any CPU.Build.0 = Debug|Any CPU
		{6535EEAC-955A-4950-881F-452994B278DD}.Release|Any CPU.ActiveCfg = Release|Any CPU
		{6535EEAC-955A-4950-881F-452994B278DD}.Release|Any CPU.Build.0 = Release|Any CPU
		{451073B3-BB2C-4441-AD1F-E58C9FBE40E0}.Debug|Any CPU.ActiveCfg = Debug|Any CPU
		{451073B3-BB2C-4441-AD1F-E58C9FBE40E0}.Debug|Any CPU.Build.0 = Debug|Any CPU
		{451073B3-BB2C-4441-AD1F-E58C9FBE40E0}.Release|Any CPU.ActiveCfg = Release|Any CPU
		{451073B3-BB2C-4441-AD1F-E58C9FBE40E0}.Release|Any CPU.Build.0 = Release|Any CPU
		{C10F85DB-A4FC-4984-BDCB-2B9D872CE438}.Debug|Any CPU.ActiveCfg = Debug|Any CPU
		{C10F85DB-A4FC-4984-BDCB-2B9D872CE438}.Debug|Any CPU.Build.0 = Debug|Any CPU
		{C10F85DB-A4FC-4984-BDCB-2B9D872CE438}.Release|Any CPU.ActiveCfg = Release|Any CPU
		{C10F85DB-A4FC-4984-BDCB-2B9D872CE438}.Release|Any CPU.Build.0 = Release|Any CPU
		{572A363F-DA88-46C9-80E5-8F9CC1815A0F}.Debug|Any CPU.ActiveCfg = Debug|Any CPU
		{572A363F-DA88-46C9-80E5-8F9CC1815A0F}.Debug|Any CPU.Build.0 = Debug|Any CPU
		{572A363F-DA88-46C9-80E5-8F9CC1815A0F}.Release|Any CPU.ActiveCfg = Release|Any CPU
		{572A363F-DA88-46C9-80E5-8F9CC1815A0F}.Release|Any CPU.Build.0 = Release|Any CPU
		{083DA984-6556-4F68-BE1C-BAA3A22679FC}.Debug|Any CPU.ActiveCfg = Debug|Any CPU
		{083DA984-6556-4F68-BE1C-BAA3A22679FC}.Debug|Any CPU.Build.0 = Debug|Any CPU
		{083DA984-6556-4F68-BE1C-BAA3A22679FC}.Release|Any CPU.ActiveCfg = Release|Any CPU
		{083DA984-6556-4F68-BE1C-BAA3A22679FC}.Release|Any CPU.Build.0 = Release|Any CPU
		{9FC55181-3FC0-4BF5-A3BE-2BC265BAA55F}.Debug|Any CPU.ActiveCfg = Debug|Any CPU
		{9FC55181-3FC0-4BF5-A3BE-2BC265BAA55F}.Debug|Any CPU.Build.0 = Debug|Any CPU
		{9FC55181-3FC0-4BF5-A3BE-2BC265BAA55F}.Release|Any CPU.ActiveCfg = Release|Any CPU
		{9FC55181-3FC0-4BF5-A3BE-2BC265BAA55F}.Release|Any CPU.Build.0 = Release|Any CPU
		{87A323BC-7ECF-4129-91E2-3357A5B44537}.Debug|Any CPU.ActiveCfg = Debug|Any CPU
		{87A323BC-7ECF-4129-91E2-3357A5B44537}.Debug|Any CPU.Build.0 = Debug|Any CPU
		{87A323BC-7ECF-4129-91E2-3357A5B44537}.Release|Any CPU.ActiveCfg = Release|Any CPU
		{87A323BC-7ECF-4129-91E2-3357A5B44537}.Release|Any CPU.Build.0 = Release|Any CPU
		{E90BD3E3-8C3E-4AB2-9064-84057B71386A}.Debug|Any CPU.ActiveCfg = Debug|Any CPU
		{E90BD3E3-8C3E-4AB2-9064-84057B71386A}.Debug|Any CPU.Build.0 = Debug|Any CPU
		{E90BD3E3-8C3E-4AB2-9064-84057B71386A}.Release|Any CPU.ActiveCfg = Release|Any CPU
		{E90BD3E3-8C3E-4AB2-9064-84057B71386A}.Release|Any CPU.Build.0 = Release|Any CPU
		{60840863-B22E-4652-91A3-209722B8D234}.Debug|Any CPU.ActiveCfg = Debug|Any CPU
		{60840863-B22E-4652-91A3-209722B8D234}.Debug|Any CPU.Build.0 = Debug|Any CPU
		{60840863-B22E-4652-91A3-209722B8D234}.Release|Any CPU.ActiveCfg = Release|Any CPU
		{60840863-B22E-4652-91A3-209722B8D234}.Release|Any CPU.Build.0 = Release|Any CPU
		{0525A54C-8E66-4731-AC06-D0AC97AA1012}.Debug|Any CPU.ActiveCfg = Debug|Any CPU
		{0525A54C-8E66-4731-AC06-D0AC97AA1012}.Debug|Any CPU.Build.0 = Debug|Any CPU
		{0525A54C-8E66-4731-AC06-D0AC97AA1012}.Release|Any CPU.ActiveCfg = Release|Any CPU
		{0525A54C-8E66-4731-AC06-D0AC97AA1012}.Release|Any CPU.Build.0 = Release|Any CPU
		{F0770388-2D43-4ACD-B245-60CC26DFF9EE}.Debug|Any CPU.ActiveCfg = Debug|Any CPU
		{F0770388-2D43-4ACD-B245-60CC26DFF9EE}.Debug|Any CPU.Build.0 = Debug|Any CPU
		{F0770388-2D43-4ACD-B245-60CC26DFF9EE}.Release|Any CPU.ActiveCfg = Release|Any CPU
		{F0770388-2D43-4ACD-B245-60CC26DFF9EE}.Release|Any CPU.Build.0 = Release|Any CPU
		{B0C77D6E-8914-4538-AF81-9AC31270D64E}.Debug|Any CPU.ActiveCfg = Debug|Any CPU
		{B0C77D6E-8914-4538-AF81-9AC31270D64E}.Debug|Any CPU.Build.0 = Debug|Any CPU
		{B0C77D6E-8914-4538-AF81-9AC31270D64E}.Release|Any CPU.ActiveCfg = Release|Any CPU
		{B0C77D6E-8914-4538-AF81-9AC31270D64E}.Release|Any CPU.Build.0 = Release|Any CPU
		{4B3B1B60-3E47-4F4A-A00D-B58B277499F1}.Debug|Any CPU.ActiveCfg = Debug|Any CPU
		{4B3B1B60-3E47-4F4A-A00D-B58B277499F1}.Debug|Any CPU.Build.0 = Debug|Any CPU
		{4B3B1B60-3E47-4F4A-A00D-B58B277499F1}.Release|Any CPU.ActiveCfg = Release|Any CPU
		{4B3B1B60-3E47-4F4A-A00D-B58B277499F1}.Release|Any CPU.Build.0 = Release|Any CPU
		{172E89DA-4CC5-4814-B6EC-47F65EE41D28}.Debug|Any CPU.ActiveCfg = Debug|Any CPU
		{172E89DA-4CC5-4814-B6EC-47F65EE41D28}.Debug|Any CPU.Build.0 = Debug|Any CPU
		{172E89DA-4CC5-4814-B6EC-47F65EE41D28}.Release|Any CPU.ActiveCfg = Release|Any CPU
		{172E89DA-4CC5-4814-B6EC-47F65EE41D28}.Release|Any CPU.Build.0 = Release|Any CPU
	EndGlobalSection
	GlobalSection(SolutionProperties) = preSolution
		HideSolutionNode = FALSE
	EndGlobalSection
	GlobalSection(ExtensibilityGlobals) = postSolution
		SolutionGuid = {66C94F50-2708-48D5-8AD2-131ED09886E1}
	EndGlobalSection
EndGlobal
